{
  "name": "gittest",
  "version": "1.0.0",
  "lockfileVersion": 1,
  "requires": true,
  "dependencies": {
    "@workec/ec-redux-helper": {
      "version": "1.0.5",
      "resolved": "http://npm.workec.com/@workec%2fec-redux-helper/-/ec-redux-helper-1.0.5.tgz",
      "integrity": "sha512-lYGzGUp8GHBDNp4q7npVOGgnFVuyg55OfkqH1hxFPLrVCJSDKISS39WfHQ8o6mVazf/wQeOMAYSuryeYJfEk6Q=="
    },
    "redux-no-reducer-helper": {
      "version": "1.0.9",
      "resolved": "http://npm.workec.com/redux-no-reducer-helper/-/redux-no-reducer-helper-1.0.9.tgz",
      "integrity": "sha512-9KrNNDMbhpr48W3bNnzu6I8C7swIFEr3LWqSqLYF96OEKaGGSr1SyqTQVdOITVlnJvK9QcMHvXMg/SMyGoYBnQ=="
    }
  }
}
